
Microsoft Visual Studio Solution File, Format Version 12.00
# Visual Studio Version 17
VisualStudioVersion = 17.14.36414.22 d17.14
MinimumVisualStudioVersion = 10.0.40219.1
Project("{FAE04EC0-301F-11D3-BF4B-00C04F79EFBC}") = "Mxmtr.FunAiWith.ConsoleApp", "Mxmtr.FunAiWith.ConsoleApp\Mxmtr.FunAiWith.ConsoleApp.csproj", "{7527B797-A9FD-4190-BCF6-A9047C9D92DC}"
EndProject
Global
	GlobalSection(SolutionConfigurationPlatforms) = preSolution
		Debug|Any CPU = Debug|Any CPU
		Release|Any CPU = Release|Any CPU
	EndGlobalSection
	GlobalSection(ProjectConfigurationPlatforms) = postSolution
		{7527B797-A9FD-4190-BCF6-A9047C9D92DC}.Debug|Any CPU.ActiveCfg = Debug|Any CPU
		{7527B797-A9FD-4190-BCF6-A9047C9D92DC}.Debug|Any CPU.Build.0 = Debug|Any CPU
		{7527B797-A9FD-4190-BCF6-A9047C9D92DC}.Release|Any CPU.ActiveCfg = Release|Any CPU
		{7527B797-A9FD-4190-BCF6-A9047C9D92DC}.Release|Any CPU.Build.0 = Release|Any CPU
	EndGlobalSection
	GlobalSection(SolutionProperties) = preSolution
		HideSolutionNode = FALSE
	EndGlobalSection
	GlobalSection(ExtensibilityGlobals) = postSolution
		SolutionGuid = {1552231E-ECFE-41DF-BE57-8B352EB91F9E}
	EndGlobalSection
EndGlobal
